
Microsoft Visual Studio Solution File, Format Version 12.00
# Visual Studio 15
VisualStudioVersion = 15.0.28307.960
MinimumVisualStudioVersion = 10.0.40219.1
Project("{2150E333-8FDC-42A3-9474-1A3956D46DE8}") = "SQF", "SQF", "{943213B0-0678-4031-9584-59EE4A079DD9}"
	ProjectSection(SolutionItems) = preProject
		Practice.sqf = Practice.sqf
	EndProjectSection
EndProject
Global
	GlobalSection(SolutionProperties) = preSolution
		HideSolutionNode = FALSE
	EndGlobalSection
	GlobalSection(ExtensibilityGlobals) = postSolution
		SolutionGuid = {73204CFB-1BB2-4E19-A0F4-5A8FB7214CB8}
	EndGlobalSection
EndGlobal
